
Microsoft Visual Studio Solution File, Format Version 12.00
# Visual Studio Version 17
VisualStudioVersion = 17.2.32630.192
MinimumVisualStudioVersion = 10.0.40219.1
Project("{FAE04EC0-301F-11D3-BF4B-00C04F79EFBC}") = "AutoMappering", "AutoMappering\AutoMappering.csproj", "{C3760491-230C-47E7-9FE5-2C784D38064B}"
EndProject
Global
	GlobalSection(SolutionConfigurationPlatforms) = preSolution
		Debug|Any CPU = Debug|Any CPU
		Release|Any CPU = Release|Any CPU
	EndGlobalSection
	GlobalSection(ProjectConfigurationPlatforms) = postSolution
		{C3760491-230C-47E7-9FE5-2C784D38064B}.Debug|Any CPU.ActiveCfg = Debug|Any CPU
		{C3760491-230C-47E7-9FE5-2C784D38064B}.Debug|Any CPU.Build.0 = Debug|Any CPU
		{C3760491-230C-47E7-9FE5-2C784D38064B}.Release|Any CPU.ActiveCfg = Release|Any CPU
		{C3760491-230C-47E7-9FE5-2C784D38064B}.Release|Any CPU.Build.0 = Release|Any CPU
	EndGlobalSection
	GlobalSection(SolutionProperties) = preSolution
		HideSolutionNode = FALSE
	EndGlobalSection
	GlobalSection(ExtensibilityGlobals) = postSolution
		SolutionGuid = {8F0EB295-8D72-4B66-8928-29E35C55781C}
	EndGlobalSection
EndGlobal
